// !$*UTF8*$!
{
	archiveVersion = 1;
	classes = {
	};
	objectVersion = 50;
	objects = {

/* Begin PBXBuildFile section */
		301FF92526E83CC4001DD50A /* SectionHeaderView.swift in Sources */ = {isa = PBXBuildFile; fileRef = 301FF92426E83CC4001DD50A /* SectionHeaderView.swift */; };
		301FF92726E8F88A001DD50A /* URLImageExtension.swift in Sources */ = {isa = PBXBuildFile; fileRef = 301FF92626E8F88A001DD50A /* URLImageExtension.swift */; };
		301FF92926E8F948001DD50A /* UICollectionViewDelegateFlowLayout_ViewController.swift in Sources */ = {isa = PBXBuildFile; fileRef = 301FF92826E8F948001DD50A /* UICollectionViewDelegateFlowLayout_ViewController.swift */; };
		301FF92B26E8F991001DD50A /* UICollectionViewDataSource_ViewController.swift in Sources */ = {isa = PBXBuildFile; fileRef = 301FF92A26E8F991001DD50A /* UICollectionViewDataSource_ViewController.swift */; };
		301FF92D26E8FA39001DD50A /* UISearchResultUpdating_ViewController.swift in Sources */ = {isa = PBXBuildFile; fileRef = 301FF92C26E8FA39001DD50A /* UISearchResultUpdating_ViewController.swift */; };
		301FF93126E905E0001DD50A /* SerachBar_ViewControllerExtension.swift in Sources */ = {isa = PBXBuildFile; fileRef = 301FF93026E905E0001DD50A /* SerachBar_ViewControllerExtension.swift */; };
		304AD2CF26D3200C00915013 /* AppDelegate.swift in Sources */ = {isa = PBXBuildFile; fileRef = 304AD2CE26D3200C00915013 /* AppDelegate.swift */; };
		304AD2D126D3200C00915013 /* SceneDelegate.swift in Sources */ = {isa = PBXBuildFile; fileRef = 304AD2D026D3200C00915013 /* SceneDelegate.swift */; };
		304AD2D326D3200C00915013 /* ViewController.swift in Sources */ = {isa = PBXBuildFile; fileRef = 304AD2D226D3200C00915013 /* ViewController.swift */; };
		304AD2D826D3200D00915013 /* Assets.xcassets in Resources */ = {isa = PBXBuildFile; fileRef = 304AD2D726D3200D00915013 /* Assets.xcassets */; };
		304AD2E626D3200E00915013 /* KabumAppiOSTests.swift in Sources */ = {isa = PBXBuildFile; fileRef = 304AD2E526D3200E00915013 /* KabumAppiOSTests.swift */; };
		304AD2F126D3200E00915013 /* KabumAppiOSUITests.swift in Sources */ = {isa = PBXBuildFile; fileRef = 304AD2F026D3200E00915013 /* KabumAppiOSUITests.swift */; };
		304AD30326D32BA500915013 /* ProductModel.swift in Sources */ = {isa = PBXBuildFile; fileRef = 304AD30226D32BA500915013 /* ProductModel.swift */; };
		304AD30D26D42FF500915013 /* CodableExtensions.swift in Sources */ = {isa = PBXBuildFile; fileRef = 304AD30C26D42FF500915013 /* CodableExtensions.swift */; };
		304AD30F26D4300300915013 /* RequestModel.swift in Sources */ = {isa = PBXBuildFile; fileRef = 304AD30E26D4300300915013 /* RequestModel.swift */; };
		304AD31126D433BC00915013 /* JsonRequestDump in Resources */ = {isa = PBXBuildFile; fileRef = 304AD31026D433BB00915013 /* JsonRequestDump */; };
		304AD31326DAF8E600915013 /* ProductView.swift in Sources */ = {isa = PBXBuildFile; fileRef = 304AD31226DAF8E600915013 /* ProductView.swift */; };
		304AD31526DAF8F900915013 /* ProductCollectionViewCell.swift in Sources */ = {isa = PBXBuildFile; fileRef = 304AD31426DAF8F900915013 /* ProductCollectionViewCell.swift */; };
		3072CEC327039EF5003C586F /* DataProvider.swift in Sources */ = {isa = PBXBuildFile; fileRef = 3072CEC227039EF5003C586F /* DataProvider.swift */; };
		30C5674D26E1B96A0082C6F8 /* ManufacturerModel.swift in Sources */ = {isa = PBXBuildFile; fileRef = 30C5674C26E1B96A0082C6F8 /* ManufacturerModel.swift */; };
		30C5675026E1BA4D0082C6F8 /* CodeView.swift in Sources */ = {isa = PBXBuildFile; fileRef = 30C5674F26E1BA4D0082C6F8 /* CodeView.swift */; };
		30C5675326E2AC990082C6F8 /* BuyButtonView.swift in Sources */ = {isa = PBXBuildFile; fileRef = 30C5675226E2AC990082C6F8 /* BuyButtonView.swift */; };
		30C5675726E2C6DE0082C6F8 /* UIColors.swift in Sources */ = {isa = PBXBuildFile; fileRef = 30C5675626E2C6DE0082C6F8 /* UIColors.swift */; };
		30C5675926E2D3AF0082C6F8 /* HeartButtonView.swift in Sources */ = {isa = PBXBuildFile; fileRef = 30C5675826E2D3AF0082C6F8 /* HeartButtonView.swift */; };
		30C5675B26E2D48A0082C6F8 /* ShoppingCartButtonView.swift in Sources */ = {isa = PBXBuildFile; fileRef = 30C5675A26E2D48A0082C6F8 /* ShoppingCartButtonView.swift */; };
		30F503EB26E062AE009CD8D4 /* UIFontExtensions.swift in Sources */ = {isa = PBXBuildFile; fileRef = 30F503EA26E062AE009CD8D4 /* UIFontExtensions.swift */; };
/* End PBXBuildFile section */

/* Begin PBXContainerItemProxy section */
		304AD2E226D3200E00915013 /* PBXContainerItemProxy */ = {
			isa = PBXContainerItemProxy;
			containerPortal = 304AD2C326D3200C00915013 /* Project object */;
			proxyType = 1;
			remoteGlobalIDString = 304AD2CA26D3200C00915013;
			remoteInfo = KabumAppiOS;
		};
		304AD2ED26D3200E00915013 /* PBXContainerItemProxy */ = {
			isa = PBXContainerItemProxy;
			containerPortal = 304AD2C326D3200C00915013 /* Project object */;
			proxyType = 1;
			remoteGlobalIDString = 304AD2CA26D3200C00915013;
			remoteInfo = KabumAppiOS;
		};
/* End PBXContainerItemProxy section */

/* Begin PBXFileReference section */
		301FF92426E83CC4001DD50A /* SectionHeaderView.swift */ = {isa = PBXFileReference; lastKnownFileType = sourcecode.swift; path = SectionHeaderView.swift; sourceTree = "<group>"; };
		301FF92626E8F88A001DD50A /* URLImageExtension.swift */ = {isa = PBXFileReference; lastKnownFileType = sourcecode.swift; path = URLImageExtension.swift; sourceTree = "<group>"; };
		301FF92826E8F948001DD50A /* UICollectionViewDelegateFlowLayout_ViewController.swift */ = {isa = PBXFileReference; lastKnownFileType = sourcecode.swift; path = UICollectionViewDelegateFlowLayout_ViewController.swift; sourceTree = "<group>"; };
		301FF92A26E8F991001DD50A /* UICollectionViewDataSource_ViewController.swift */ = {isa = PBXFileReference; lastKnownFileType = sourcecode.swift; path = UICollectionViewDataSource_ViewController.swift; sourceTree = "<group>"; };
		301FF92C26E8FA39001DD50A /* UISearchResultUpdating_ViewController.swift */ = {isa = PBXFileReference; lastKnownFileType = sourcecode.swift; path = UISearchResultUpdating_ViewController.swift; sourceTree = "<group>"; };
		301FF93026E905E0001DD50A /* SerachBar_ViewControllerExtension.swift */ = {isa = PBXFileReference; lastKnownFileType = sourcecode.swift; path = SerachBar_ViewControllerExtension.swift; sourceTree = "<group>"; };
		304AD2CB26D3200C00915013 /* KabumAppiOS.app */ = {isa = PBXFileReference; explicitFileType = wrapper.application; includeInIndex = 0; path = KabumAppiOS.app; sourceTree = BUILT_PRODUCTS_DIR; };
		304AD2CE26D3200C00915013 /* AppDelegate.swift */ = {isa = PBXFileReference; lastKnownFileType = sourcecode.swift; path = AppDelegate.swift; sourceTree = "<group>"; };
		304AD2D026D3200C00915013 /* SceneDelegate.swift */ = {isa = PBXFileReference; lastKnownFileType = sourcecode.swift; path = SceneDelegate.swift; sourceTree = "<group>"; };
		304AD2D226D3200C00915013 /* ViewController.swift */ = {isa = PBXFileReference; lastKnownFileType = sourcecode.swift; path = ViewController.swift; sourceTree = "<group>"; };
		304AD2D726D3200D00915013 /* Assets.xcassets */ = {isa = PBXFileReference; lastKnownFileType = folder.assetcatalog; path = Assets.xcassets; sourceTree = "<group>"; };
		304AD2DC26D3200D00915013 /* Info.plist */ = {isa = PBXFileReference; lastKnownFileType = text.plist.xml; path = Info.plist; sourceTree = "<group>"; };
		304AD2E126D3200E00915013 /* KabumAppiOSTests.xctest */ = {isa = PBXFileReference; explicitFileType = wrapper.cfbundle; includeInIndex = 0; path = KabumAppiOSTests.xctest; sourceTree = BUILT_PRODUCTS_DIR; };
		304AD2E526D3200E00915013 /* KabumAppiOSTests.swift */ = {isa = PBXFileReference; lastKnownFileType = sourcecode.swift; path = KabumAppiOSTests.swift; sourceTree = "<group>"; };
		304AD2E726D3200E00915013 /* Info.plist */ = {isa = PBXFileReference; lastKnownFileType = text.plist.xml; path = Info.plist; sourceTree = "<group>"; };
		304AD2EC26D3200E00915013 /* KabumAppiOSUITests.xctest */ = {isa = PBXFileReference; explicitFileType = wrapper.cfbundle; includeInIndex = 0; path = KabumAppiOSUITests.xctest; sourceTree = BUILT_PRODUCTS_DIR; };
		304AD2F026D3200E00915013 /* KabumAppiOSUITests.swift */ = {isa = PBXFileReference; lastKnownFileType = sourcecode.swift; path = KabumAppiOSUITests.swift; sourceTree = "<group>"; };
		304AD2F226D3200E00915013 /* Info.plist */ = {isa = PBXFileReference; lastKnownFileType = text.plist.xml; path = Info.plist; sourceTree = "<group>"; };
		304AD30226D32BA500915013 /* ProductModel.swift */ = {isa = PBXFileReference; lastKnownFileType = sourcecode.swift; path = ProductModel.swift; sourceTree = "<group>"; };
		304AD30C26D42FF500915013 /* CodableExtensions.swift */ = {isa = PBXFileReference; fileEncoding = 4; lastKnownFileType = sourcecode.swift; path = CodableExtensions.swift; sourceTree = "<group>"; };
		304AD30E26D4300300915013 /* RequestModel.swift */ = {isa = PBXFileReference; fileEncoding = 4; lastKnownFileType = sourcecode.swift; path = RequestModel.swift; sourceTree = "<group>"; };
		304AD31026D433BB00915013 /* JsonRequestDump */ = {isa = PBXFileReference; lastKnownFileType = text; path = JsonRequestDump; sourceTree = "<group>"; };
		304AD31226DAF8E600915013 /* ProductView.swift */ = {isa = PBXFileReference; lastKnownFileType = sourcecode.swift; path = ProductView.swift; sourceTree = "<group>"; };
		304AD31426DAF8F900915013 /* ProductCollectionViewCell.swift */ = {isa = PBXFileReference; lastKnownFileType = sourcecode.swift; path = ProductCollectionViewCell.swift; sourceTree = "<group>"; };
		3072CEC227039EF5003C586F /* DataProvider.swift */ = {isa = PBXFileReference; lastKnownFileType = sourcecode.swift; path = DataProvider.swift; sourceTree = "<group>"; };
		30C5674C26E1B96A0082C6F8 /* ManufacturerModel.swift */ = {isa = PBXFileReference; lastKnownFileType = sourcecode.swift; path = ManufacturerModel.swift; sourceTree = "<group>"; };
		30C5674F26E1BA4D0082C6F8 /* CodeView.swift */ = {isa = PBXFileReference; lastKnownFileType = sourcecode.swift; path = CodeView.swift; sourceTree = "<group>"; };
		30C5675226E2AC990082C6F8 /* BuyButtonView.swift */ = {isa = PBXFileReference; lastKnownFileType = sourcecode.swift; path = BuyButtonView.swift; sourceTree = "<group>"; };
		30C5675626E2C6DE0082C6F8 /* UIColors.swift */ = {isa = PBXFileReference; lastKnownFileType = sourcecode.swift; path = UIColors.swift; sourceTree = "<group>"; };
		30C5675826E2D3AF0082C6F8 /* HeartButtonView.swift */ = {isa = PBXFileReference; lastKnownFileType = sourcecode.swift; path = HeartButtonView.swift; sourceTree = "<group>"; };
		30C5675A26E2D48A0082C6F8 /* ShoppingCartButtonView.swift */ = {isa = PBXFileReference; lastKnownFileType = sourcecode.swift; path = ShoppingCartButtonView.swift; sourceTree = "<group>"; };
		30F503EA26E062AE009CD8D4 /* UIFontExtensions.swift */ = {isa = PBXFileReference; lastKnownFileType = sourcecode.swift; path = UIFontExtensions.swift; sourceTree = "<group>"; };
/* End PBXFileReference section */

/* Begin PBXFrameworksBuildPhase section */
		304AD2C826D3200C00915013 /* Frameworks */ = {
			isa = PBXFrameworksBuildPhase;
			buildActionMask = 2147483647;
			files = (
			);
			runOnlyForDeploymentPostprocessing = 0;
		};
		304AD2DE26D3200E00915013 /* Frameworks */ = {
			isa = PBXFrameworksBuildPhase;
			buildActionMask = 2147483647;
			files = (
			);
			runOnlyForDeploymentPostprocessing = 0;
		};
		304AD2E926D3200E00915013 /* Frameworks */ = {
			isa = PBXFrameworksBuildPhase;
			buildActionMask = 2147483647;
			files = (
			);
			runOnlyForDeploymentPostprocessing = 0;
		};
/* End PBXFrameworksBuildPhase section */

/* Begin PBXGroup section */
		304AD2C226D3200C00915013 = {
			isa = PBXGroup;
			children = (
				304AD2CD26D3200C00915013 /* KabumAppiOS */,
				304AD2E426D3200E00915013 /* KabumAppiOSTests */,
				304AD2EF26D3200E00915013 /* KabumAppiOSUITests */,
				304AD2CC26D3200C00915013 /* Products */,
			);
			sourceTree = "<group>";
		};
		304AD2CC26D3200C00915013 /* Products */ = {
			isa = PBXGroup;
			children = (
				304AD2CB26D3200C00915013 /* KabumAppiOS.app */,
				304AD2E126D3200E00915013 /* KabumAppiOSTests.xctest */,
				304AD2EC26D3200E00915013 /* KabumAppiOSUITests.xctest */,
			);
			name = Products;
			sourceTree = "<group>";
		};
		304AD2CD26D3200C00915013 /* KabumAppiOS */ = {
			isa = PBXGroup;
			children = (
				30C5674E26E1BA270082C6F8 /* Helper */,
				304AD2DC26D3200D00915013 /* Info.plist */,
				30F503E926E06291009CD8D4 /* Extensions */,
				304AD30726D32E9000915013 /* API */,
				30C5675126E2AC4B0082C6F8 /* ViewComponents */,
				304AD30126D320B000915013 /* Resources */,
				304AD30026D3207E00915013 /* Model */,
				304AD2FF26D3207700915013 /* View */,
				304AD2FE26D3206400915013 /* Controller */,
			);
			path = KabumAppiOS;
			sourceTree = "<group>";
		};
		304AD2E426D3200E00915013 /* KabumAppiOSTests */ = {
			isa = PBXGroup;
			children = (
				304AD2E526D3200E00915013 /* KabumAppiOSTests.swift */,
				304AD2E726D3200E00915013 /* Info.plist */,
			);
			path = KabumAppiOSTests;
			sourceTree = "<group>";
		};
		304AD2EF26D3200E00915013 /* KabumAppiOSUITests */ = {
			isa = PBXGroup;
			children = (
				304AD2F026D3200E00915013 /* KabumAppiOSUITests.swift */,
				304AD2F226D3200E00915013 /* Info.plist */,
			);
			path = KabumAppiOSUITests;
			sourceTree = "<group>";
		};
		304AD2FE26D3206400915013 /* Controller */ = {
			isa = PBXGroup;
			children = (
				304AD2D226D3200C00915013 /* ViewController.swift */,
			);
			path = Controller;
			sourceTree = "<group>";
		};
		304AD2FF26D3207700915013 /* View */ = {
			isa = PBXGroup;
			children = (
				304AD31226DAF8E600915013 /* ProductView.swift */,
				304AD31426DAF8F900915013 /* ProductCollectionViewCell.swift */,
				301FF92426E83CC4001DD50A /* SectionHeaderView.swift */,
			);
			path = View;
			sourceTree = "<group>";
		};
		304AD30026D3207E00915013 /* Model */ = {
			isa = PBXGroup;
			children = (
				304AD30E26D4300300915013 /* RequestModel.swift */,
				304AD30226D32BA500915013 /* ProductModel.swift */,
				30C5674C26E1B96A0082C6F8 /* ManufacturerModel.swift */,
			);
			path = Model;
			sourceTree = "<group>";
		};
		304AD30126D320B000915013 /* Resources */ = {
			isa = PBXGroup;
			children = (
				304AD31026D433BB00915013 /* JsonRequestDump */,
				304AD2D026D3200C00915013 /* SceneDelegate.swift */,
				304AD2CE26D3200C00915013 /* AppDelegate.swift */,
				304AD2D726D3200D00915013 /* Assets.xcassets */,
			);
			path = Resources;
			sourceTree = "<group>";
		};
		304AD30726D32E9000915013 /* API */ = {
			isa = PBXGroup;
			children = (
				304AD30C26D42FF500915013 /* CodableExtensions.swift */,
				3072CEC227039EF5003C586F /* DataProvider.swift */,
			);
			path = API;
			sourceTree = "<group>";
		};
		30C5674E26E1BA270082C6F8 /* Helper */ = {
			isa = PBXGroup;
			children = (
				30C5674F26E1BA4D0082C6F8 /* CodeView.swift */,
			);
			path = Helper;
			sourceTree = "<group>";
		};
		30C5675126E2AC4B0082C6F8 /* ViewComponents */ = {
			isa = PBXGroup;
			children = (
				30C5675226E2AC990082C6F8 /* BuyButtonView.swift */,
				30C5675826E2D3AF0082C6F8 /* HeartButtonView.swift */,
				30C5675A26E2D48A0082C6F8 /* ShoppingCartButtonView.swift */,
			);
			path = ViewComponents;
			sourceTree = "<group>";
		};
		30F503E926E06291009CD8D4 /* Extensions */ = {
			isa = PBXGroup;
			children = (
				30F503EA26E062AE009CD8D4 /* UIFontExtensions.swift */,
				30C5675626E2C6DE0082C6F8 /* UIColors.swift */,
				301FF92626E8F88A001DD50A /* URLImageExtension.swift */,
				301FF92826E8F948001DD50A /* UICollectionViewDelegateFlowLayout_ViewController.swift */,
				301FF92A26E8F991001DD50A /* UICollectionViewDataSource_ViewController.swift */,
				301FF92C26E8FA39001DD50A /* UISearchResultUpdating_ViewController.swift */,
				301FF93026E905E0001DD50A /* SerachBar_ViewControllerExtension.swift */,
			);
			path = Extensions;
			sourceTree = "<group>";
		};
/* End PBXGroup section */

/* Begin PBXNativeTarget section */
		304AD2CA26D3200C00915013 /* KabumAppiOS */ = {
			isa = PBXNativeTarget;
			buildConfigurationList = 304AD2F526D3200E00915013 /* Build configuration list for PBXNativeTarget "KabumAppiOS" */;
			buildPhases = (
				304AD2C726D3200C00915013 /* Sources */,
				304AD2C826D3200C00915013 /* Frameworks */,
				304AD2C926D3200C00915013 /* Resources */,
			);
			buildRules = (
			);
			dependencies = (
			);
			name = KabumAppiOS;
			productName = KabumAppiOS;
			productReference = 304AD2CB26D3200C00915013 /* KabumAppiOS.app */;
			productType = "com.apple.product-type.application";
		};
		304AD2E026D3200E00915013 /* KabumAppiOSTests */ = {
			isa = PBXNativeTarget;
			buildConfigurationList = 304AD2F826D3200E00915013 /* Build configuration list for PBXNativeTarget "KabumAppiOSTests" */;
			buildPhases = (
				304AD2DD26D3200E00915013 /* Sources */,
				304AD2DE26D3200E00915013 /* Frameworks */,
				304AD2DF26D3200E00915013 /* Resources */,
			);
			buildRules = (
			);
			dependencies = (
				304AD2E326D3200E00915013 /* PBXTargetDependency */,
			);
			name = KabumAppiOSTests;
			productName = KabumAppiOSTests;
			productReference = 304AD2E126D3200E00915013 /* KabumAppiOSTests.xctest */;
			productType = "com.apple.product-type.bundle.unit-test";
		};
		304AD2EB26D3200E00915013 /* KabumAppiOSUITests */ = {
			isa = PBXNativeTarget;
			buildConfigurationList = 304AD2FB26D3200E00915013 /* Build configuration list for PBXNativeTarget "KabumAppiOSUITests" */;
			buildPhases = (
				304AD2E826D3200E00915013 /* Sources */,
				304AD2E926D3200E00915013 /* Frameworks */,
				304AD2EA26D3200E00915013 /* Resources */,
			);
			buildRules = (
			);
			dependencies = (
				304AD2EE26D3200E00915013 /* PBXTargetDependency */,
			);
			name = KabumAppiOSUITests;
			productName = KabumAppiOSUITests;
			productReference = 304AD2EC26D3200E00915013 /* KabumAppiOSUITests.xctest */;
			productType = "com.apple.product-type.bundle.ui-testing";
		};
/* End PBXNativeTarget section */

/* Begin PBXProject section */
		304AD2C326D3200C00915013 /* Project object */ = {
			isa = PBXProject;
			attributes = {
				LastSwiftUpdateCheck = 1250;
				LastUpgradeCheck = 1250;
				TargetAttributes = {
					304AD2CA26D3200C00915013 = {
						CreatedOnToolsVersion = 12.5.1;
					};
					304AD2E026D3200E00915013 = {
						CreatedOnToolsVersion = 12.5.1;
						TestTargetID = 304AD2CA26D3200C00915013;
					};
					304AD2EB26D3200E00915013 = {
						CreatedOnToolsVersion = 12.5.1;
						TestTargetID = 304AD2CA26D3200C00915013;
					};
				};
			};
			buildConfigurationList = 304AD2C626D3200C00915013 /* Build configuration list for PBXProject "KabumAppiOS" */;
			compatibilityVersion = "Xcode 9.3";
			developmentRegion = en;
			hasScannedForEncodings = 0;
			knownRegions = (
				en,
				Base,
			);
			mainGroup = 304AD2C226D3200C00915013;
			productRefGroup = 304AD2CC26D3200C00915013 /* Products */;
			projectDirPath = "";
			projectRoot = "";
			targets = (
				304AD2CA26D3200C00915013 /* KabumAppiOS */,
				304AD2E026D3200E00915013 /* KabumAppiOSTests */,
				304AD2EB26D3200E00915013 /* KabumAppiOSUITests */,
			);
		};
/* End PBXProject section */

/* Begin PBXResourcesBuildPhase section */
		304AD2C926D3200C00915013 /* Resources */ = {
			isa = PBXResourcesBuildPhase;
			buildActionMask = 2147483647;
			files = (
				304AD31126D433BC00915013 /* JsonRequestDump in Resources */,
				304AD2D826D3200D00915013 /* Assets.xcassets in Resources */,
			);
			runOnlyForDeploymentPostprocessing = 0;
		};
		304AD2DF26D3200E00915013 /* Resources */ = {
			isa = PBXResourcesBuildPhase;
			buildActionMask = 2147483647;
			files = (
			);
			runOnlyForDeploymentPostprocessing = 0;
		};
		304AD2EA26D3200E00915013 /* Resources */ = {
			isa = PBXResourcesBuildPhase;
			buildActionMask = 2147483647;
			files = (
			);
			runOnlyForDeploymentPostprocessing = 0;
		};
/* End PBXResourcesBuildPhase section */

/* Begin PBXSourcesBuildPhase section */
		304AD2C726D3200C00915013 /* Sources */ = {
			isa = PBXSourcesBuildPhase;
			buildActionMask = 2147483647;
			files = (
				301FF92726E8F88A001DD50A /* URLImageExtension.swift in Sources */,
				30C5675B26E2D48A0082C6F8 /* ShoppingCartButtonView.swift in Sources */,
				304AD2D326D3200C00915013 /* ViewController.swift in Sources */,
				30C5675326E2AC990082C6F8 /* BuyButtonView.swift in Sources */,
				301FF92926E8F948001DD50A /* UICollectionViewDelegateFlowLayout_ViewController.swift in Sources */,
				304AD2CF26D3200C00915013 /* AppDelegate.swift in Sources */,
				301FF93126E905E0001DD50A /* SerachBar_ViewControllerExtension.swift in Sources */,
				30F503EB26E062AE009CD8D4 /* UIFontExtensions.swift in Sources */,
				304AD2D126D3200C00915013 /* SceneDelegate.swift in Sources */,
				3072CEC327039EF5003C586F /* DataProvider.swift in Sources */,
				304AD30326D32BA500915013 /* ProductModel.swift in Sources */,
				30C5675926E2D3AF0082C6F8 /* HeartButtonView.swift in Sources */,
				301FF92D26E8FA39001DD50A /* UISearchResultUpdating_ViewController.swift in Sources */,
				30C5674D26E1B96A0082C6F8 /* ManufacturerModel.swift in Sources */,
				301FF92526E83CC4001DD50A /* SectionHeaderView.swift in Sources */,
				30C5675026E1BA4D0082C6F8 /* CodeView.swift in Sources */,
				304AD30F26D4300300915013 /* RequestModel.swift in Sources */,
				304AD31326DAF8E600915013 /* ProductView.swift in Sources */,
				30C5675726E2C6DE0082C6F8 /* UIColors.swift in Sources */,
				304AD31526DAF8F900915013 /* ProductCollectionViewCell.swift in Sources */,
				304AD30D26D42FF500915013 /* CodableExtensions.swift in Sources */,
				301FF92B26E8F991001DD50A /* UICollectionViewDataSource_ViewController.swift in Sources */,
			);
			runOnlyForDeploymentPostprocessing = 0;
		};
		304AD2DD26D3200E00915013 /* Sources */ = {
			isa = PBXSourcesBuildPhase;
			buildActionMask = 2147483647;
			files = (
				304AD2E626D3200E00915013 /* KabumAppiOSTests.swift in Sources */,
			);
			runOnlyForDeploymentPostprocessing = 0;
		};
		304AD2E826D3200E00915013 /* Sources */ = {
			isa = PBXSourcesBuildPhase;
			buildActionMask = 2147483647;
			files = (
				304AD2F126D3200E00915013 /* KabumAppiOSUITests.swift in Sources */,
			);
			runOnlyForDeploymentPostprocessing = 0;
		};
/* End PBXSourcesBuildPhase section */

/* Begin PBXTargetDependency section */
		304AD2E326D3200E00915013 /* PBXTargetDependency */ = {
			isa = PBXTargetDependency;
			target = 304AD2CA26D3200C00915013 /* KabumAppiOS */;
			targetProxy = 304AD2E226D3200E00915013 /* PBXContainerItemProxy */;
		};
		304AD2EE26D3200E00915013 /* PBXTargetDependency */ = {
			isa = PBXTargetDependency;
			target = 304AD2CA26D3200C00915013 /* KabumAppiOS */;
			targetProxy = 304AD2ED26D3200E00915013 /* PBXContainerItemProxy */;
		};
/* End PBXTargetDependency section */

/* Begin XCBuildConfiguration section */
		304AD2F326D3200E00915013 /* Debug */ = {
			isa = XCBuildConfiguration;
			buildSettings = {
				ALWAYS_SEARCH_USER_PATHS = NO;
				CLANG_ANALYZER_NONNULL = YES;
				CLANG_ANALYZER_NUMBER_OBJECT_CONVERSION = YES_AGGRESSIVE;
				CLANG_CXX_LANGUAGE_STANDARD = "gnu++14";
				CLANG_CXX_LIBRARY = "libc++";
				CLANG_ENABLE_MODULES = YES;
				CLANG_ENABLE_OBJC_ARC = YES;
				CLANG_ENABLE_OBJC_WEAK = YES;
				CLANG_WARN_BLOCK_CAPTURE_AUTORELEASING = YES;
				CLANG_WARN_BOOL_CONVERSION = YES;
				CLANG_WARN_COMMA = YES;
				CLANG_WARN_CONSTANT_CONVERSION = YES;
				CLANG_WARN_DEPRECATED_OBJC_IMPLEMENTATIONS = YES;
				CLANG_WARN_DIRECT_OBJC_ISA_USAGE = YES_ERROR;
				CLANG_WARN_DOCUMENTATION_COMMENTS = YES;
				CLANG_WARN_EMPTY_BODY = YES;
				CLANG_WARN_ENUM_CONVERSION = YES;
				CLANG_WARN_INFINITE_RECURSION = YES;
				CLANG_WARN_INT_CONVERSION = YES;
				CLANG_WARN_NON_LITERAL_NULL_CONVERSION = YES;
				CLANG_WARN_OBJC_IMPLICIT_RETAIN_SELF = YES;
				CLANG_WARN_OBJC_LITERAL_CONVERSION = YES;
				CLANG_WARN_OBJC_ROOT_CLASS = YES_ERROR;
				CLANG_WARN_QUOTED_INCLUDE_IN_FRAMEWORK_HEADER = YES;
				CLANG_WARN_RANGE_LOOP_ANALYSIS = YES;
				CLANG_WARN_STRICT_PROTOTYPES = YES;
				CLANG_WARN_SUSPICIOUS_MOVE = YES;
				CLANG_WARN_UNGUARDED_AVAILABILITY = YES_AGGRESSIVE;
				CLANG_WARN_UNREACHABLE_CODE = YES;
				CLANG_WARN__DUPLICATE_METHOD_MATCH = YES;
				COPY_PHASE_STRIP = NO;
				DEBUG_INFORMATION_FORMAT = dwarf;
				ENABLE_STRICT_OBJC_MSGSEND = YES;
				ENABLE_TESTABILITY = YES;
				GCC_C_LANGUAGE_STANDARD = gnu11;
				GCC_DYNAMIC_NO_PIC = NO;
				GCC_NO_COMMON_BLOCKS = YES;
				GCC_OPTIMIZATION_LEVEL = 0;
				GCC_PREPROCESSOR_DEFINITIONS = (
					"DEBUG=1",
					"$(inherited)",
				);
				GCC_WARN_64_TO_32_BIT_CONVERSION = YES;
				GCC_WARN_ABOUT_RETURN_TYPE = YES_ERROR;
				GCC_WARN_UNDECLARED_SELECTOR = YES;
				GCC_WARN_UNINITIALIZED_AUTOS = YES_AGGRESSIVE;
				GCC_WARN_UNUSED_FUNCTION = YES;
				GCC_WARN_UNUSED_VARIABLE = YES;
				IPHONEOS_DEPLOYMENT_TARGET = 14.5;
				MTL_ENABLE_DEBUG_INFO = INCLUDE_SOURCE;
				MTL_FAST_MATH = YES;
				ONLY_ACTIVE_ARCH = YES;
				SDKROOT = iphoneos;
				SWIFT_ACTIVE_COMPILATION_CONDITIONS = DEBUG;
				SWIFT_OPTIMIZATION_LEVEL = "-Onone";
			};
			name = Debug;
		};
		304AD2F426D3200E00915013 /* Release */ = {
			isa = XCBuildConfiguration;
			buildSettings = {
				ALWAYS_SEARCH_USER_PATHS = NO;
				CLANG_ANALYZER_NONNULL = YES;
				CLANG_ANALYZER_NUMBER_OBJECT_CONVERSION = YES_AGGRESSIVE;
				CLANG_CXX_LANGUAGE_STANDARD = "gnu++14";
				CLANG_CXX_LIBRARY = "libc++";
				CLANG_ENABLE_MODULES = YES;
				CLANG_ENABLE_OBJC_ARC = YES;
				CLANG_ENABLE_OBJC_WEAK = YES;
				CLANG_WARN_BLOCK_CAPTURE_AUTORELEASING = YES;
				CLANG_WARN_BOOL_CONVERSION = YES;
				CLANG_WARN_COMMA = YES;
				CLANG_WARN_CONSTANT_CONVERSION = YES;
				CLANG_WARN_DEPRECATED_OBJC_IMPLEMENTATIONS = YES;
				CLANG_WARN_DIRECT_OBJC_ISA_USAGE = YES_ERROR;
				CLANG_WARN_DOCUMENTATION_COMMENTS = YES;
				CLANG_WARN_EMPTY_BODY = YES;
				CLANG_WARN_ENUM_CONVERSION = YES;
				CLANG_WARN_INFINITE_RECURSION = YES;
				CLANG_WARN_INT_CONVERSION = YES;
				CLANG_WARN_NON_LITERAL_NULL_CONVERSION = YES;
				CLANG_WARN_OBJC_IMPLICIT_RETAIN_SELF = YES;
				CLANG_WARN_OBJC_LITERAL_CONVERSION = YES;
				CLANG_WARN_OBJC_ROOT_CLASS = YES_ERROR;
				CLANG_WARN_QUOTED_INCLUDE_IN_FRAMEWORK_HEADER = YES;
				CLANG_WARN_RANGE_LOOP_ANALYSIS = YES;
				CLANG_WARN_STRICT_PROTOTYPES = YES;
				CLANG_WARN_SUSPICIOUS_MOVE = YES;
				CLANG_WARN_UNGUARDED_AVAILABILITY = YES_AGGRESSIVE;
				CLANG_WARN_UNREACHABLE_CODE = YES;
				CLANG_WARN__DUPLICATE_METHOD_MATCH = YES;
				COPY_PHASE_STRIP = NO;
				DEBUG_INFORMATION_FORMAT = "dwarf-with-dsym";
				ENABLE_NS_ASSERTIONS = NO;
				ENABLE_STRICT_OBJC_MSGSEND = YES;
				GCC_C_LANGUAGE_STANDARD = gnu11;
				GCC_NO_COMMON_BLOCKS = YES;
				GCC_WARN_64_TO_32_BIT_CONVERSION = YES;
				GCC_WARN_ABOUT_RETURN_TYPE = YES_ERROR;
				GCC_WARN_UNDECLARED_SELECTOR = YES;
				GCC_WARN_UNINITIALIZED_AUTOS = YES_AGGRESSIVE;
				GCC_WARN_UNUSED_FUNCTION = YES;
				GCC_WARN_UNUSED_VARIABLE = YES;
				IPHONEOS_DEPLOYMENT_TARGET = 14.5;
				MTL_ENABLE_DEBUG_INFO = NO;
				MTL_FAST_MATH = YES;
				SDKROOT = iphoneos;
				SWIFT_COMPILATION_MODE = wholemodule;
				SWIFT_OPTIMIZATION_LEVEL = "-O";
				VALIDATE_PRODUCT = YES;
			};
			name = Release;
		};
		304AD2F626D3200E00915013 /* Debug */ = {
			isa = XCBuildConfiguration;
			buildSettings = {
				ASSETCATALOG_COMPILER_APPICON_NAME = AppIcon;
				ASSETCATALOG_COMPILER_GLOBAL_ACCENT_COLOR_NAME = AccentColor;
				CODE_SIGN_STYLE = Automatic;
				DEVELOPMENT_TEAM = 34KZBHS44B;
				INFOPLIST_FILE = KabumAppiOS/Info.plist;
				LD_RUNPATH_SEARCH_PATHS = (
					"$(inherited)",
					"@executable_path/Frameworks",
				);
				PRODUCT_BUNDLE_IDENTIFIER = "Apple-Developer-Academy-PUC-RIO.KabumAppiOS";
				PRODUCT_NAME = "$(TARGET_NAME)";
				SWIFT_VERSION = 5.0;
				TARGETED_DEVICE_FAMILY = 1;
			};
			name = Debug;
		};
		304AD2F726D3200E00915013 /* Release */ = {
			isa = XCBuildConfiguration;
			buildSettings = {
				ASSETCATALOG_COMPILER_APPICON_NAME = AppIcon;
				ASSETCATALOG_COMPILER_GLOBAL_ACCENT_COLOR_NAME = AccentColor;
				CODE_SIGN_STYLE = Automatic;
				DEVELOPMENT_TEAM = 34KZBHS44B;
				INFOPLIST_FILE = KabumAppiOS/Info.plist;
				LD_RUNPATH_SEARCH_PATHS = (
					"$(inherited)",
					"@executable_path/Frameworks",
				);
				PRODUCT_BUNDLE_IDENTIFIER = "Apple-Developer-Academy-PUC-RIO.KabumAppiOS";
				PRODUCT_NAME = "$(TARGET_NAME)";
				SWIFT_VERSION = 5.0;
				TARGETED_DEVICE_FAMILY = 1;
			};
			name = Release;
		};
		304AD2F926D3200E00915013 /* Debug */ = {
			isa = XCBuildConfiguration;
			buildSettings = {
				ALWAYS_EMBED_SWIFT_STANDARD_LIBRARIES = YES;
				BUNDLE_LOADER = "$(TEST_HOST)";
				CODE_SIGN_STYLE = Automatic;
				DEVELOPMENT_TEAM = 34KZBHS44B;
				INFOPLIST_FILE = KabumAppiOSTests/Info.plist;
				IPHONEOS_DEPLOYMENT_TARGET = 14.5;
				LD_RUNPATH_SEARCH_PATHS = (
					"$(inherited)",
					"@executable_path/Frameworks",
					"@loader_path/Frameworks",
				);
				PRODUCT_BUNDLE_IDENTIFIER = "Apple-Developer-Academy-PUC-RIO.KabumAppiOSTests";
				PRODUCT_NAME = "$(TARGET_NAME)";
				SWIFT_VERSION = 5.0;
				TARGETED_DEVICE_FAMILY = "1,2";
				TEST_HOST = "$(BUILT_PRODUCTS_DIR)/KabumAppiOS.app/KabumAppiOS";
			};
			name = Debug;
		};
		304AD2FA26D3200E00915013 /* Release */ = {
			isa = XCBuildConfiguration;
			buildSettings = {
				ALWAYS_EMBED_SWIFT_STANDARD_LIBRARIES = YES;
				BUNDLE_LOADER = "$(TEST_HOST)";
				CODE_SIGN_STYLE = Automatic;
				DEVELOPMENT_TEAM = 34KZBHS44B;
				INFOPLIST_FILE = KabumAppiOSTests/Info.plist;
				IPHONEOS_DEPLOYMENT_TARGET = 14.5;
				LD_RUNPATH_SEARCH_PATHS = (
					"$(inherited)",
					"@executable_path/Frameworks",
					"@loader_path/Frameworks",
				);
				PRODUCT_BUNDLE_IDENTIFIER = "Apple-Developer-Academy-PUC-RIO.KabumAppiOSTests";
				PRODUCT_NAME = "$(TARGET_NAME)";
				SWIFT_VERSION = 5.0;
				TARGETED_DEVICE_FAMILY = "1,2";
				TEST_HOST = "$(BUILT_PRODUCTS_DIR)/KabumAppiOS.app/KabumAppiOS";
			};
			name = Release;
		};
		304AD2FC26D3200E00915013 /* Debug */ = {
			isa = XCBuildConfiguration;
			buildSettings = {
				ALWAYS_EMBED_SWIFT_STANDARD_LIBRARIES = YES;
				CODE_SIGN_STYLE = Automatic;
				DEVELOPMENT_TEAM = 34KZBHS44B;
				INFOPLIST_FILE = KabumAppiOSUITests/Info.plist;
				LD_RUNPATH_SEARCH_PATHS = (
					"$(inherited)",
					"@executable_path/Frameworks",
					"@loader_path/Frameworks",
				);
				PRODUCT_BUNDLE_IDENTIFIER = "Apple-Developer-Academy-PUC-RIO.KabumAppiOSUITests";
				PRODUCT_NAME = "$(TARGET_NAME)";
				SWIFT_VERSION = 5.0;
				TARGETED_DEVICE_FAMILY = "1,2";
				TEST_TARGET_NAME = KabumAppiOS;
			};
			name = Debug;
		};
		304AD2FD26D3200E00915013 /* Release */ = {
			isa = XCBuildConfiguration;
			buildSettings = {
				ALWAYS_EMBED_SWIFT_STANDARD_LIBRARIES = YES;
				CODE_SIGN_STYLE = Automatic;
				DEVELOPMENT_TEAM = 34KZBHS44B;
				INFOPLIST_FILE = KabumAppiOSUITests/Info.plist;
				LD_RUNPATH_SEARCH_PATHS = (
					"$(inherited)",
					"@executable_path/Frameworks",
					"@loader_path/Frameworks",
				);
				PRODUCT_BUNDLE_IDENTIFIER = "Apple-Developer-Academy-PUC-RIO.KabumAppiOSUITests";
				PRODUCT_NAME = "$(TARGET_NAME)";
				SWIFT_VERSION = 5.0;
				TARGETED_DEVICE_FAMILY = "1,2";
				TEST_TARGET_NAME = KabumAppiOS;
			};
			name = Release;
		};
/* End XCBuildConfiguration section */

/* Begin XCConfigurationList section */
		304AD2C626D3200C00915013 /* Build configuration list for PBXProject "KabumAppiOS" */ = {
			isa = XCConfigurationList;
			buildConfigurations = (
				304AD2F326D3200E00915013 /* Debug */,
				304AD2F426D3200E00915013 /* Release */,
			);
			defaultConfigurationIsVisible = 0;
			defaultConfigurationName = Release;
		};
		304AD2F526D3200E00915013 /* Build configuration list for PBXNativeTarget "KabumAppiOS" */ = {
			isa = XCConfigurationList;
			buildConfigurations = (
				304AD2F626D3200E00915013 /* Debug */,
				304AD2F726D3200E00915013 /* Release */,
			);
			defaultConfigurationIsVisible = 0;
			defaultConfigurationName = Release;
		};
		304AD2F826D3200E00915013 /* Build configuration list for PBXNativeTarget "KabumAppiOSTests" */ = {
			isa = XCConfigurationList;
			buildConfigurations = (
				304AD2F926D3200E00915013 /* Debug */,
				304AD2FA26D3200E00915013 /* Release */,
			);
			defaultConfigurationIsVisible = 0;
			defaultConfigurationName = Release;
		};
		304AD2FB26D3200E00915013 /* Build configuration list for PBXNativeTarget "KabumAppiOSUITests" */ = {
			isa = XCConfigurationList;
			buildConfigurations = (
				304AD2FC26D3200E00915013 /* Debug */,
				304AD2FD26D3200E00915013 /* Release */,
			);
			defaultConfigurationIsVisible = 0;
			defaultConfigurationName = Release;
		};
/* End XCConfigurationList section */
	};
	rootObject = 304AD2C326D3200C00915013 /* Project object */;
}
